
Microsoft Visual Studio Solution File, Format Version 12.00
# Visual Studio 14
VisualStudioVersion = 14.0.24720.0
MinimumVisualStudioVersion = 10.0.40219.1
Project("{FAE04EC0-301F-11D3-BF4B-00C04F79EFBC}") = "Quiron.LojaVirtual.Dominio", "Quiron.LojaVirtual.Dominio\Quiron.LojaVirtual.Dominio.csproj", "{C4690541-E111-4498-AA8C-B55075AA3736}"
EndProject
Project("{FAE04EC0-301F-11D3-BF4B-00C04F79EFBC}") = "Quiron.LojaVirtual.Web", "Quiron.LojaVirtual.Web\Quiron.LojaVirtual.Web.csproj", "{668956B3-102C-4C49-BE97-CBAD96E9F71F}"
EndProject
Project("{FAE04EC0-301F-11D3-BF4B-00C04F79EFBC}") = "Quiron.LojaVirtual.UnitTest", "Quiron.LojaVirtual.UnitTest\Quiron.LojaVirtual.UnitTest.csproj", "{4FDDE77C-BA03-422E-BC62-C5DCE9D781B9}"
EndProject
Global
	GlobalSection(SolutionConfigurationPlatforms) = preSolution
		Debug|Any CPU = Debug|Any CPU
		Release|Any CPU = Release|Any CPU
	EndGlobalSection
	GlobalSection(ProjectConfigurationPlatforms) = postSolution
		{C4690541-E111-4498-AA8C-B55075AA3736}.Debug|Any CPU.ActiveCfg = Debug|Any CPU
		{C4690541-E111-4498-AA8C-B55075AA3736}.Debug|Any CPU.Build.0 = Debug|Any CPU
		{C4690541-E111-4498-AA8C-B55075AA3736}.Release|Any CPU.ActiveCfg = Release|Any CPU
		{C4690541-E111-4498-AA8C-B55075AA3736}.Release|Any CPU.Build.0 = Release|Any CPU
		{668956B3-102C-4C49-BE97-CBAD96E9F71F}.Debug|Any CPU.ActiveCfg = Debug|Any CPU
		{668956B3-102C-4C49-BE97-CBAD96E9F71F}.Debug|Any CPU.Build.0 = Debug|Any CPU
		{668956B3-102C-4C49-BE97-CBAD96E9F71F}.Release|Any CPU.ActiveCfg = Release|Any CPU
		{668956B3-102C-4C49-BE97-CBAD96E9F71F}.Release|Any CPU.Build.0 = Release|Any CPU
		{4FDDE77C-BA03-422E-BC62-C5DCE9D781B9}.Debug|Any CPU.ActiveCfg = Debug|Any CPU
		{4FDDE77C-BA03-422E-BC62-C5DCE9D781B9}.Debug|Any CPU.Build.0 = Debug|Any CPU
		{4FDDE77C-BA03-422E-BC62-C5DCE9D781B9}.Release|Any CPU.ActiveCfg = Release|Any CPU
		{4FDDE77C-BA03-422E-BC62-C5DCE9D781B9}.Release|Any CPU.Build.0 = Release|Any CPU
	EndGlobalSection
	GlobalSection(SolutionProperties) = preSolution
		HideSolutionNode = FALSE
	EndGlobalSection
EndGlobal
